Microsoft Visual Studio Solution File, Format Version 12.00
# Visual Studio Version 17
VisualStudioVersion = 17.5.2.0
MinimumVisualStudioVersion = 10.0.40219.1
Project("{2150E333-8FDC-42A3-9474-1A3956D46DE8}") = "GeoRift", "GeoRift", "{8DEA081C-E124-EC46-3FC4-B806E5635166}"
EndProject
Project("{FAE04EC0-301F-11D3-BF4B-00C04F79EFBC}") = "Assembly-CSharp", "GeoRift\Assembly-CSharp.csproj", "{32AEFDB7-F371-5601-73FD-C6C549CF5995}"
EndProject
Global
	GlobalSection(SolutionConfigurationPlatforms) = preSolution
		Debug|Any CPU = Debug|Any CPU
		Release|Any CPU = Release|Any CPU
	EndGlobalSection
	GlobalSection(ProjectConfigurationPlatforms) = postSolution
		{32AEFDB7-F371-5601-73FD-C6C549CF5995}.Debug|Any CPU.ActiveCfg = Debug|Any CPU
		{32AEFDB7-F371-5601-73FD-C6C549CF5995}.Debug|Any CPU.Build.0 = Debug|Any CPU
		{32AEFDB7-F371-5601-73FD-C6C549CF5995}.Release|Any CPU.ActiveCfg = Release|Any CPU
		{32AEFDB7-F371-5601-73FD-C6C549CF5995}.Release|Any CPU.Build.0 = Release|Any CPU
	EndGlobalSection
	GlobalSection(SolutionProperties) = preSolution
		HideSolutionNode = FALSE
	EndGlobalSection
	GlobalSection(NestedProjects) = preSolution
		{32AEFDB7-F371-5601-73FD-C6C549CF5995} = {8DEA081C-E124-EC46-3FC4-B806E5635166}
	EndGlobalSection
	GlobalSection(ExtensibilityGlobals) = postSolution
		SolutionGuid = {56BAA539-B960-4CFB-B318-765EA300A24D}
	EndGlobalSection
EndGlobal
